
Microsoft Visual Studio Solution File, Format Version 12.00
# Visual Studio Version 17
VisualStudioVersion = 17.11.35327.3
MinimumVisualStudioVersion = 10.0.40219.1
Project("{FAE04EC0-301F-11D3-BF4B-00C04F79EFBC}") = "Aiko_Hastanesi", "Aiko_Hastanesi.csproj", "{B2C920A4-9548-4971-816F-89689211EC87}"
EndProject
Global
	GlobalSection(SolutionConfigurationPlatforms) = preSolution
		Debug|Any CPU = Debug|Any CPU
		Release|Any CPU = Release|Any CPU
	EndGlobalSection
	GlobalSection(ProjectConfigurationPlatforms) = postSolution
		{B2C920A4-9548-4971-816F-89689211EC87}.Debug|Any CPU.ActiveCfg = Debug|Any CPU
		{B2C920A4-9548-4971-816F-89689211EC87}.Debug|Any CPU.Build.0 = Debug|Any CPU
		{B2C920A4-9548-4971-816F-89689211EC87}.Release|Any CPU.ActiveCfg = Release|Any CPU
		{B2C920A4-9548-4971-816F-89689211EC87}.Release|Any CPU.Build.0 = Release|Any CPU
	EndGlobalSection
	GlobalSection(SolutionProperties) = preSolution
		HideSolutionNode = FALSE
	EndGlobalSection
	GlobalSection(ExtensibilityGlobals) = postSolution
		SolutionGuid = {6393F9A1-51ED-4803-9A25-A982F5E579D3}
	EndGlobalSection
EndGlobal
